
Microsoft Visual Studio Solution File, Format Version 12.00
# Visual Studio Version 16
VisualStudioVersion = 16.0.29025.244
MinimumVisualStudioVersion = 10.0.40219.1
Project("{FAE04EC0-301F-11D3-BF4B-00C04F79EFBC}") = "PolimorfismoCsharp", "PolimorfismoCsharp\PolimorfismoCsharp.csproj", "{C3E18546-9AC7-49F2-BF6E-A055964D1B16}"
EndProject
Global
	GlobalSection(SolutionConfigurationPlatforms) = preSolution
		Debug|Any CPU = Debug|Any CPU
		Release|Any CPU = Release|Any CPU
	EndGlobalSection
	GlobalSection(ProjectConfigurationPlatforms) = postSolution
		{C3E18546-9AC7-49F2-BF6E-A055964D1B16}.Debug|Any CPU.ActiveCfg = Debug|Any CPU
		{C3E18546-9AC7-49F2-BF6E-A055964D1B16}.Debug|Any CPU.Build.0 = Debug|Any CPU
		{C3E18546-9AC7-49F2-BF6E-A055964D1B16}.Release|Any CPU.ActiveCfg = Release|Any CPU
		{C3E18546-9AC7-49F2-BF6E-A055964D1B16}.Release|Any CPU.Build.0 = Release|Any CPU
	EndGlobalSection
	GlobalSection(SolutionProperties) = preSolution
		HideSolutionNode = FALSE
	EndGlobalSection
	GlobalSection(ExtensibilityGlobals) = postSolution
		SolutionGuid = {352CA83D-89A2-477E-958D-6E7A1964BDC9}
	EndGlobalSection
EndGlobal
